// !$*UTF8*$!
{
	archiveVersion = 1;
	classes = {
	};
	objectVersion = 50;
	objects = {

/* Begin PBXBuildFile section */
		BE02D3D4256BF7D300261100 /* AppDelegate.swift in Sources */ = {isa = PBXBuildFile; fileRef = BE02D3D3256BF7D300261100 /* AppDelegate.swift */; };
		BE02D3D6256BF7D300261100 /* SceneDelegate.swift in Sources */ = {isa = PBXBuildFile; fileRef = BE02D3D5256BF7D300261100 /* SceneDelegate.swift */; };
		BE02D3D8256BF7D300261100 /* ViewController.swift in Sources */ = {isa = PBXBuildFile; fileRef = BE02D3D7256BF7D300261100 /* ViewController.swift */; };
		BE02D3DB256BF7D300261100 /* Main.storyboard in Resources */ = {isa = PBXBuildFile; fileRef = BE02D3D9256BF7D300261100 /* Main.storyboard */; };
		BE02D3DD256BF7D700261100 /* Assets.xcassets in Resources */ = {isa = PBXBuildFile; fileRef = BE02D3DC256BF7D700261100 /* Assets.xcassets */; };
		BE02D3E0256BF7D700261100 /* LaunchScreen.storyboard in Resources */ = {isa = PBXBuildFile; fileRef = BE02D3DE256BF7D700261100 /* LaunchScreen.storyboard */; };
		BE02D3EB256BF7D800261100 /* todoListTests.swift in Sources */ = {isa = PBXBuildFile; fileRef = BE02D3EA256BF7D800261100 /* todoListTests.swift */; };
		BE02D3F6256BF7D800261100 /* todoListUITests.swift in Sources */ = {isa = PBXBuildFile; fileRef = BE02D3F5256BF7D800261100 /* todoListUITests.swift */; };
/* End PBXBuildFile section */

/* Begin PBXContainerItemProxy section */
		BE02D3E7256BF7D700261100 /* PBXContainerItemProxy */ = {
			isa = PBXContainerItemProxy;
			containerPortal = BE02D3C8256BF7D300261100 /* Project object */;
			proxyType = 1;
			remoteGlobalIDString = BE02D3CF256BF7D300261100;
			remoteInfo = todoList;
		};
		BE02D3F2256BF7D800261100 /* PBXContainerItemProxy */ = {
			isa = PBXContainerItemProxy;
			containerPortal = BE02D3C8256BF7D300261100 /* Project object */;
			proxyType = 1;
			remoteGlobalIDString = BE02D3CF256BF7D300261100;
			remoteInfo = todoList;
		};
/* End PBXContainerItemProxy section */

/* Begin PBXFileReference section */
		BE02D3D0256BF7D300261100 /* todoList.app */ = {isa = PBXFileReference; explicitFileType = wrapper.application; includeInIndex = 0; path = todoList.app; sourceTree = BUILT_PRODUCTS_DIR; };
		BE02D3D3256BF7D300261100 /* AppDelegate.swift */ = {isa = PBXFileReference; lastKnownFileType = sourcecode.swift; path = AppDelegate.swift; sourceTree = "<group>"; };
		BE02D3D5256BF7D300261100 /* SceneDelegate.swift */ = {isa = PBXFileReference; lastKnownFileType = sourcecode.swift; path = SceneDelegate.swift; sourceTree = "<group>"; };
		BE02D3D7256BF7D300261100 /* ViewController.swift */ = {isa = PBXFileReference; lastKnownFileType = sourcecode.swift; path = ViewController.swift; sourceTree = "<group>"; };
		BE02D3DA256BF7D300261100 /* Base */ = {isa = PBXFileReference; lastKnownFileType = file.storyboard; name = Base; path = Base.lproj/Main.storyboard; sourceTree = "<group>"; };
		BE02D3DC256BF7D700261100 /* Assets.xcassets */ = {isa = PBXFileReference; lastKnownFileType = folder.assetcatalog; path = Assets.xcassets; sourceTree = "<group>"; };
		BE02D3DF256BF7D700261100 /* Base */ = {isa = PBXFileReference; lastKnownFileType = file.storyboard; name = Base; path = Base.lproj/LaunchScreen.storyboard; sourceTree = "<group>"; };
		BE02D3E1256BF7D700261100 /* Info.plist */ = {isa = PBXFileReference; lastKnownFileType = text.plist.xml; path = Info.plist; sourceTree = "<group>"; };
		BE02D3E6256BF7D700261100 /* todoListTests.xctest */ = {isa = PBXFileReference; explicitFileType = wrapper.cfbundle; includeInIndex = 0; path = todoListTests.xctest; sourceTree = BUILT_PRODUCTS_DIR; };
		BE02D3EA256BF7D800261100 /* todoListTests.swift */ = {isa = PBXFileReference; lastKnownFileType = sourcecode.swift; path = todoListTests.swift; sourceTree = "<group>"; };
		BE02D3EC256BF7D800261100 /* Info.plist */ = {isa = PBXFileReference; lastKnownFileType = text.plist.xml; path = Info.plist; sourceTree = "<group>"; };
		BE02D3F1256BF7D800261100 /* todoListUITests.xctest */ = {isa = PBXFileReference; explicitFileType = wrapper.cfbundle; includeInIndex = 0; path = todoListUITests.xctest; sourceTree = BUILT_PRODUCTS_DIR; };
		BE02D3F5256BF7D800261100 /* todoListUITests.swift */ = {isa = PBXFileReference; lastKnownFileType = sourcecode.swift; path = todoListUITests.swift; sourceTree = "<group>"; };
		BE02D3F7256BF7D800261100 /* Info.plist */ = {isa = PBXFileReference; lastKnownFileType = text.plist.xml; path = Info.plist; sourceTree = "<group>"; };
/* End PBXFileReference section */

/* Begin PBXFrameworksBuildPhase section */
		BE02D3CD256BF7D300261100 /* Frameworks */ = {
			isa = PBXFrameworksBuildPhase;
			buildActionMask = 2147483647;
			files = (
			);
			runOnlyForDeploymentPostprocessing = 0;
		};
		BE02D3E3256BF7D700261100 /* Frameworks */ = {
			isa = PBXFrameworksBuildPhase;
			buildActionMask = 2147483647;
			files = (
			);
			runOnlyForDeploymentPostprocessing = 0;
		};
		BE02D3EE256BF7D800261100 /* Frameworks */ = {
			isa = PBXFrameworksBuildPhase;
			buildActionMask = 2147483647;
			files = (
			);
			runOnlyForDeploymentPostprocessing = 0;
		};
/* End PBXFrameworksBuildPhase section */

/* Begin PBXGroup section */
		BE02D3C7256BF7D300261100 = {
			isa = PBXGroup;
			children = (
				BE02D3D2256BF7D300261100 /* todoList */,
				BE02D3E9256BF7D800261100 /* todoListTests */,
				BE02D3F4256BF7D800261100 /* todoListUITests */,
				BE02D3D1256BF7D300261100 /* Products */,
			);
			sourceTree = "<group>";
		};
		BE02D3D1256BF7D300261100 /* Products */ = {
			isa = PBXGroup;
			children = (
				BE02D3D0256BF7D300261100 /* todoList.app */,
				BE02D3E6256BF7D700261100 /* todoListTests.xctest */,
				BE02D3F1256BF7D800261100 /* todoListUITests.xctest */,
			);
			name = Products;
			sourceTree = "<group>";
		};
		BE02D3D2256BF7D300261100 /* todoList */ = {
			isa = PBXGroup;
			children = (
				BE02D3D3256BF7D300261100 /* AppDelegate.swift */,
				BE02D3D5256BF7D300261100 /* SceneDelegate.swift */,
				BE02D3D7256BF7D300261100 /* ViewController.swift */,
				BE02D3D9256BF7D300261100 /* Main.storyboard */,
				BE02D3DC256BF7D700261100 /* Assets.xcassets */,
				BE02D3DE256BF7D700261100 /* LaunchScreen.storyboard */,
				BE02D3E1256BF7D700261100 /* Info.plist */,
			);
			path = todoList;
			sourceTree = "<group>";
		};
		BE02D3E9256BF7D800261100 /* todoListTests */ = {
			isa = PBXGroup;
			children = (
				BE02D3EA256BF7D800261100 /* todoListTests.swift */,
				BE02D3EC256BF7D800261100 /* Info.plist */,
			);
			path = todoListTests;
			sourceTree = "<group>";
		};
		BE02D3F4256BF7D800261100 /* todoListUITests */ = {
			isa = PBXGroup;
			children = (
				BE02D3F5256BF7D800261100 /* todoListUITests.swift */,
				BE02D3F7256BF7D800261100 /* Info.plist */,
			);
			path = todoListUITests;
			sourceTree = "<group>";
		};
/* End PBXGroup section */

/* Begin PBXNativeTarget section */
		BE02D3CF256BF7D300261100 /* todoList */ = {
			isa = PBXNativeTarget;
			buildConfigurationList = BE02D3FA256BF7D800261100 /* Build configuration list for PBXNativeTarget "todoList" */;
			buildPhases = (
				BE02D3CC256BF7D300261100 /* Sources */,
				BE02D3CD256BF7D300261100 /* Frameworks */,
				BE02D3CE256BF7D300261100 /* Resources */,
			);
			buildRules = (
			);
			dependencies = (
			);
			name = todoList;
			productName = todoList;
			productReference = BE02D3D0256BF7D300261100 /* todoList.app */;
			productType = "com.apple.product-type.application";
		};
		BE02D3E5256BF7D700261100 /* todoListTests */ = {
			isa = PBXNativeTarget;
			buildConfigurationList = BE02D3FD256BF7D800261100 /* Build configuration list for PBXNativeTarget "todoListTests" */;
			buildPhases = (
				BE02D3E2256BF7D700261100 /* Sources */,
				BE02D3E3256BF7D700261100 /* Frameworks */,
				BE02D3E4256BF7D700261100 /* Resources */,
			);
			buildRules = (
			);
			dependencies = (
				BE02D3E8256BF7D700261100 /* PBXTargetDependency */,
			);
			name = todoListTests;
			productName = todoListTests;
			productReference = BE02D3E6256BF7D700261100 /* todoListTests.xctest */;
			productType = "com.apple.product-type.bundle.unit-test";
		};
		BE02D3F0256BF7D800261100 /* todoListUITests */ = {
			isa = PBXNativeTarget;
			buildConfigurationList = BE02D400256BF7D800261100 /* Build configuration list for PBXNativeTarget "todoListUITests" */;
			buildPhases = (
				BE02D3ED256BF7D800261100 /* Sources */,
				BE02D3EE256BF7D800261100 /* Frameworks */,
				BE02D3EF256BF7D800261100 /* Resources */,
			);
			buildRules = (
			);
			dependencies = (
				BE02D3F3256BF7D800261100 /* PBXTargetDependency */,
			);
			name = todoListUITests;
			productName = todoListUITests;
			productReference = BE02D3F1256BF7D800261100 /* todoListUITests.xctest */;
			productType = "com.apple.product-type.bundle.ui-testing";
		};
/* End PBXNativeTarget section */

/* Begin PBXProject section */
		BE02D3C8256BF7D300261100 /* Project object */ = {
			isa = PBXProject;
			attributes = {
				LastSwiftUpdateCheck = 1130;
				LastUpgradeCheck = 1130;
				ORGANIZATIONNAME = "Chathura Jayanaka";
				TargetAttributes = {
					BE02D3CF256BF7D300261100 = {
						CreatedOnToolsVersion = 11.3.1;
					};
					BE02D3E5256BF7D700261100 = {
						CreatedOnToolsVersion = 11.3.1;
						TestTargetID = BE02D3CF256BF7D300261100;
					};
					BE02D3F0256BF7D800261100 = {
						CreatedOnToolsVersion = 11.3.1;
						TestTargetID = BE02D3CF256BF7D300261100;
					};
				};
			};
			buildConfigurationList = BE02D3CB256BF7D300261100 /* Build configuration list for PBXProject "todoList" */;
			compatibilityVersion = "Xcode 9.3";
			developmentRegion = en;
			hasScannedForEncodings = 0;
			knownRegions = (
				en,
				Base,
			);
			mainGroup = BE02D3C7256BF7D300261100;
			productRefGroup = BE02D3D1256BF7D300261100 /* Products */;
			projectDirPath = "";
			projectRoot = "";
			targets = (
				BE02D3CF256BF7D300261100 /* todoList */,
				BE02D3E5256BF7D700261100 /* todoListTests */,
				BE02D3F0256BF7D800261100 /* todoListUITests */,
			);
		};
/* End PBXProject section */

/* Begin PBXResourcesBuildPhase section */
		BE02D3CE256BF7D300261100 /* Resources */ = {
			isa = PBXResourcesBuildPhase;
			buildActionMask = 2147483647;
			files = (
				BE02D3E0256BF7D700261100 /* LaunchScreen.storyboard in Resources */,
				BE02D3DD256BF7D700261100 /* Assets.xcassets in Resources */,
				BE02D3DB256BF7D300261100 /* Main.storyboard in Resources */,
			);
			runOnlyForDeploymentPostprocessing = 0;
		};
		BE02D3E4256BF7D700261100 /* Resources */ = {
			isa = PBXResourcesBuildPhase;
			buildActionMask = 2147483647;
			files = (
			);
			runOnlyForDeploymentPostprocessing = 0;
		};
		BE02D3EF256BF7D800261100 /* Resources */ = {
			isa = PBXResourcesBuildPhase;
			buildActionMask = 2147483647;
			files = (
			);
			runOnlyForDeploymentPostprocessing = 0;
		};
/* End PBXResourcesBuildPhase section */

/* Begin PBXSourcesBuildPhase section */
		BE02D3CC256BF7D300261100 /* Sources */ = {
			isa = PBXSourcesBuildPhase;
			buildActionMask = 2147483647;
			files = (
				BE02D3D8256BF7D300261100 /* ViewController.swift in Sources */,
				BE02D3D4256BF7D300261100 /* AppDelegate.swift in Sources */,
				BE02D3D6256BF7D300261100 /* SceneDelegate.swift in Sources */,
			);
			runOnlyForDeploymentPostprocessing = 0;
		};
		BE02D3E2256BF7D700261100 /* Sources */ = {
			isa = PBXSourcesBuildPhase;
			buildActionMask = 2147483647;
			files = (
				BE02D3EB256BF7D800261100 /* todoListTests.swift in Sources */,
			);
			runOnlyForDeploymentPostprocessing = 0;
		};
		BE02D3ED256BF7D800261100 /* Sources */ = {
			isa = PBXSourcesBuildPhase;
			buildActionMask = 2147483647;
			files = (
				BE02D3F6256BF7D800261100 /* todoListUITests.swift in Sources */,
			);
			runOnlyForDeploymentPostprocessing = 0;
		};
/* End PBXSourcesBuildPhase section */

/* Begin PBXTargetDependency section */
		BE02D3E8256BF7D700261100 /* PBXTargetDependency */ = {
			isa = PBXTargetDependency;
			target = BE02D3CF256BF7D300261100 /* todoList */;
			targetProxy = BE02D3E7256BF7D700261100 /* PBXContainerItemProxy */;
		};
		BE02D3F3256BF7D800261100 /* PBXTargetDependency */ = {
			isa = PBXTargetDependency;
			target = BE02D3CF256BF7D300261100 /* todoList */;
			targetProxy = BE02D3F2256BF7D800261100 /* PBXContainerItemProxy */;
		};
/* End PBXTargetDependency section */

/* Begin PBXVariantGroup section */
		BE02D3D9256BF7D300261100 /* Main.storyboard */ = {
			isa = PBXVariantGroup;
			children = (
				BE02D3DA256BF7D300261100 /* Base */,
			);
			name = Main.storyboard;
			sourceTree = "<group>";
		};
		BE02D3DE256BF7D700261100 /* LaunchScreen.storyboard */ = {
			isa = PBXVariantGroup;
			children = (
				BE02D3DF256BF7D700261100 /* Base */,
			);
			name = LaunchScreen.storyboard;
			sourceTree = "<group>";
		};
/* End PBXVariantGroup section */

/* Begin XCBuildConfiguration section */
		BE02D3F8256BF7D800261100 /* Debug */ = {
			isa = XCBuildConfiguration;
			buildSettings = {
				ALWAYS_SEARCH_USER_PATHS = NO;
				CLANG_ANALYZER_NONNULL = YES;
				CLANG_ANALYZER_NUMBER_OBJECT_CONVERSION = YES_AGGRESSIVE;
				CLANG_CXX_LANGUAGE_STANDARD = "gnu++14";
				CLANG_CXX_LIBRARY = "libc++";
				CLANG_ENABLE_MODULES = YES;
				CLANG_ENABLE_OBJC_ARC = YES;
				CLANG_ENABLE_OBJC_WEAK = YES;
				CLANG_WARN_BLOCK_CAPTURE_AUTORELEASING = YES;
				CLANG_WARN_BOOL_CONVERSION = YES;
				CLANG_WARN_COMMA = YES;
				CLANG_WARN_CONSTANT_CONVERSION = YES;
				CLANG_WARN_DEPRECATED_OBJC_IMPLEMENTATIONS = YES;
				CLANG_WARN_DIRECT_OBJC_ISA_USAGE = YES_ERROR;
				CLANG_WARN_DOCUMENTATION_COMMENTS = YES;
				CLANG_WARN_EMPTY_BODY = YES;
				CLANG_WARN_ENUM_CONVERSION = YES;
				CLANG_WARN_INFINITE_RECURSION = YES;
				CLANG_WARN_INT_CONVERSION = YES;
				CLANG_WARN_NON_LITERAL_NULL_CONVERSION = YES;
				CLANG_WARN_OBJC_IMPLICIT_RETAIN_SELF = YES;
				CLANG_WARN_OBJC_LITERAL_CONVERSION = YES;
				CLANG_WARN_OBJC_ROOT_CLASS = YES_ERROR;
				CLANG_WARN_RANGE_LOOP_ANALYSIS = YES;
				CLANG_WARN_STRICT_PROTOTYPES = YES;
				CLANG_WARN_SUSPICIOUS_MOVE = YES;
				CLANG_WARN_UNGUARDED_AVAILABILITY = YES_AGGRESSIVE;
				CLANG_WARN_UNREACHABLE_CODE = YES;
				CLANG_WARN__DUPLICATE_METHOD_MATCH = YES;
				COPY_PHASE_STRIP = NO;
				DEBUG_INFORMATION_FORMAT = dwarf;
				ENABLE_STRICT_OBJC_MSGSEND = YES;
				ENABLE_TESTABILITY = YES;
				GCC_C_LANGUAGE_STANDARD = gnu11;
				GCC_DYNAMIC_NO_PIC = NO;
				GCC_NO_COMMON_BLOCKS = YES;
				GCC_OPTIMIZATION_LEVEL = 0;
				GCC_PREPROCESSOR_DEFINITIONS = (
					"DEBUG=1",
					"$(inherited)",
				);
				GCC_WARN_64_TO_32_BIT_CONVERSION = YES;
				GCC_WARN_ABOUT_RETURN_TYPE = YES_ERROR;
				GCC_WARN_UNDECLARED_SELECTOR = YES;
				GCC_WARN_UNINITIALIZED_AUTOS = YES_AGGRESSIVE;
				GCC_WARN_UNUSED_FUNCTION = YES;
				GCC_WARN_UNUSED_VARIABLE = YES;
				IPHONEOS_DEPLOYMENT_TARGET = 13.2;
				MTL_ENABLE_DEBUG_INFO = INCLUDE_SOURCE;
				MTL_FAST_MATH = YES;
				ONLY_ACTIVE_ARCH = YES;
				SDKROOT = iphoneos;
				SWIFT_ACTIVE_COMPILATION_CONDITIONS = DEBUG;
				SWIFT_OPTIMIZATION_LEVEL = "-Onone";
			};
			name = Debug;
		};
		BE02D3F9256BF7D800261100 /* Release */ = {
			isa = XCBuildConfiguration;
			buildSettings = {
				ALWAYS_SEARCH_USER_PATHS = NO;
				CLANG_ANALYZER_NONNULL = YES;
				CLANG_ANALYZER_NUMBER_OBJECT_CONVERSION = YES_AGGRESSIVE;
				CLANG_CXX_LANGUAGE_STANDARD = "gnu++14";
				CLANG_CXX_LIBRARY = "libc++";
				CLANG_ENABLE_MODULES = YES;
				CLANG_ENABLE_OBJC_ARC = YES;
				CLANG_ENABLE_OBJC_WEAK = YES;
				CLANG_WARN_BLOCK_CAPTURE_AUTORELEASING = YES;
				CLANG_WARN_BOOL_CONVERSION = YES;
				CLANG_WARN_COMMA = YES;
				CLANG_WARN_CONSTANT_CONVERSION = YES;
				CLANG_WARN_DEPRECATED_OBJC_IMPLEMENTATIONS = YES;
				CLANG_WARN_DIRECT_OBJC_ISA_USAGE = YES_ERROR;
				CLANG_WARN_DOCUMENTATION_COMMENTS = YES;
				CLANG_WARN_EMPTY_BODY = YES;
				CLANG_WARN_ENUM_CONVERSION = YES;
				CLANG_WARN_INFINITE_RECURSION = YES;
				CLANG_WARN_INT_CONVERSION = YES;
				CLANG_WARN_NON_LITERAL_NULL_CONVERSION = YES;
				CLANG_WARN_OBJC_IMPLICIT_RETAIN_SELF = YES;
				CLANG_WARN_OBJC_LITERAL_CONVERSION = YES;
				CLANG_WARN_OBJC_ROOT_CLASS = YES_ERROR;
				CLANG_WARN_RANGE_LOOP_ANALYSIS = YES;
				CLANG_WARN_STRICT_PROTOTYPES = YES;
				CLANG_WARN_SUSPICIOUS_MOVE = YES;
				CLANG_WARN_UNGUARDED_AVAILABILITY = YES_AGGRESSIVE;
				CLANG_WARN_UNREACHABLE_CODE = YES;
				CLANG_WARN__DUPLICATE_METHOD_MATCH = YES;
				COPY_PHASE_STRIP = NO;
				DEBUG_INFORMATION_FORMAT = "dwarf-with-dsym";
				ENABLE_NS_ASSERTIONS = NO;
				ENABLE_STRICT_OBJC_MSGSEND = YES;
				GCC_C_LANGUAGE_STANDARD = gnu11;
				GCC_NO_COMMON_BLOCKS = YES;
				GCC_WARN_64_TO_32_BIT_CONVERSION = YES;
				GCC_WARN_ABOUT_RETURN_TYPE = YES_ERROR;
				GCC_WARN_UNDECLARED_SELECTOR = YES;
				GCC_WARN_UNINITIALIZED_AUTOS = YES_AGGRESSIVE;
				GCC_WARN_UNUSED_FUNCTION = YES;
				GCC_WARN_UNUSED_VARIABLE = YES;
				IPHONEOS_DEPLOYMENT_TARGET = 13.2;
				MTL_ENABLE_DEBUG_INFO = NO;
				MTL_FAST_MATH = YES;
				SDKROOT = iphoneos;
				SWIFT_COMPILATION_MODE = wholemodule;
				SWIFT_OPTIMIZATION_LEVEL = "-O";
				VALIDATE_PRODUCT = YES;
			};
			name = Release;
		};
		BE02D3FB256BF7D800261100 /* Debug */ = {
			isa = XCBuildConfiguration;
			buildSettings = {
				ASSETCATALOG_COMPILER_APPICON_NAME = AppIcon;
				CODE_SIGN_STYLE = Automatic;
				DEVELOPMENT_TEAM = P7X9XGLUDF;
				INFOPLIST_FILE = todoList/Info.plist;
				LD_RUNPATH_SEARCH_PATHS = (
					"$(inherited)",
					"@executable_path/Frameworks",
				);
				PRODUCT_BUNDLE_IDENTIFIER = "Chathura-Jayanaka.todoList";
				PRODUCT_NAME = "$(TARGET_NAME)";
				SWIFT_VERSION = 5.0;
				TARGETED_DEVICE_FAMILY = "1,2";
			};
			name = Debug;
		};
		BE02D3FC256BF7D800261100 /* Release */ = {
			isa = XCBuildConfiguration;
			buildSettings = {
				ASSETCATALOG_COMPILER_APPICON_NAME = AppIcon;
				CODE_SIGN_STYLE = Automatic;
				DEVELOPMENT_TEAM = P7X9XGLUDF;
				INFOPLIST_FILE = todoList/Info.plist;
				LD_RUNPATH_SEARCH_PATHS = (
					"$(inherited)",
					"@executable_path/Frameworks",
				);
				PRODUCT_BUNDLE_IDENTIFIER = "Chathura-Jayanaka.todoList";
				PRODUCT_NAME = "$(TARGET_NAME)";
				SWIFT_VERSION = 5.0;
				TARGETED_DEVICE_FAMILY = "1,2";
			};
			name = Release;
		};
		BE02D3FE256BF7D800261100 /* Debug */ = {
			isa = XCBuildConfiguration;
			buildSettings = {
				ALWAYS_EMBED_SWIFT_STANDARD_LIBRARIES = YES;
				BUNDLE_LOADER = "$(TEST_HOST)";
				CODE_SIGN_STYLE = Automatic;
				DEVELOPMENT_TEAM = P7X9XGLUDF;
				INFOPLIST_FILE = todoListTests/Info.plist;
				IPHONEOS_DEPLOYMENT_TARGET = 13.2;
				LD_RUNPATH_SEARCH_PATHS = (
					"$(inherited)",
					"@executable_path/Frameworks",
					"@loader_path/Frameworks",
				);
				PRODUCT_BUNDLE_IDENTIFIER = "Chathura-Jayanaka.todoListTests";
				PRODUCT_NAME = "$(TARGET_NAME)";
				SWIFT_VERSION = 5.0;
				TARGETED_DEVICE_FAMILY = "1,2";
				TEST_HOST = "$(BUILT_PRODUCTS_DIR)/todoList.app/todoList";
			};
			name = Debug;
		};
		BE02D3FF256BF7D800261100 /* Release */ = {
			isa = XCBuildConfiguration;
			buildSettings = {
				ALWAYS_EMBED_SWIFT_STANDARD_LIBRARIES = YES;
				BUNDLE_LOADER = "$(TEST_HOST)";
				CODE_SIGN_STYLE = Automatic;
				DEVELOPMENT_TEAM = P7X9XGLUDF;
				INFOPLIST_FILE = todoListTests/Info.plist;
				IPHONEOS_DEPLOYMENT_TARGET = 13.2;
				LD_RUNPATH_SEARCH_PATHS = (
					"$(inherited)",
					"@executable_path/Frameworks",
					"@loader_path/Frameworks",
				);
				PRODUCT_BUNDLE_IDENTIFIER = "Chathura-Jayanaka.todoListTests";
				PRODUCT_NAME = "$(TARGET_NAME)";
				SWIFT_VERSION = 5.0;
				TARGETED_DEVICE_FAMILY = "1,2";
				TEST_HOST = "$(BUILT_PRODUCTS_DIR)/todoList.app/todoList";
			};
			name = Release;
		};
		BE02D401256BF7D800261100 /* Debug */ = {
			isa = XCBuildConfiguration;
			buildSettings = {
				ALWAYS_EMBED_SWIFT_STANDARD_LIBRARIES = YES;
				CODE_SIGN_STYLE = Automatic;
				DEVELOPMENT_TEAM = P7X9XGLUDF;
				INFOPLIST_FILE = todoListUITests/Info.plist;
				LD_RUNPATH_SEARCH_PATHS = (
					"$(inherited)",
					"@executable_path/Frameworks",
					"@loader_path/Frameworks",
				);
				PRODUCT_BUNDLE_IDENTIFIER = "Chathura-Jayanaka.todoListUITests";
				PRODUCT_NAME = "$(TARGET_NAME)";
				SWIFT_VERSION = 5.0;
				TARGETED_DEVICE_FAMILY = "1,2";
				TEST_TARGET_NAME = todoList;
			};
			name = Debug;
		};
		BE02D402256BF7D800261100 /* Release */ = {
			isa = XCBuildConfiguration;
			buildSettings = {
				ALWAYS_EMBED_SWIFT_STANDARD_LIBRARIES = YES;
				CODE_SIGN_STYLE = Automatic;
				DEVELOPMENT_TEAM = P7X9XGLUDF;
				INFOPLIST_FILE = todoListUITests/Info.plist;
				LD_RUNPATH_SEARCH_PATHS = (
					"$(inherited)",
					"@executable_path/Frameworks",
					"@loader_path/Frameworks",
				);
				PRODUCT_BUNDLE_IDENTIFIER = "Chathura-Jayanaka.todoListUITests";
				PRODUCT_NAME = "$(TARGET_NAME)";
				SWIFT_VERSION = 5.0;
				TARGETED_DEVICE_FAMILY = "1,2";
				TEST_TARGET_NAME = todoList;
			};
			name = Release;
		};
/* End XCBuildConfiguration section */

/* Begin XCConfigurationList section */
		BE02D3CB256BF7D300261100 /* Build configuration list for PBXProject "todoList" */ = {
			isa = XCConfigurationList;
			buildConfigurations = (
				BE02D3F8256BF7D800261100 /* Debug */,
				BE02D3F9256BF7D800261100 /* Release */,
			);
			defaultConfigurationIsVisible = 0;
			defaultConfigurationName = Release;
		};
		BE02D3FA256BF7D800261100 /* Build configuration list for PBXNativeTarget "todoList" */ = {
			isa = XCConfigurationList;
			buildConfigurations = (
				BE02D3FB256BF7D800261100 /* Debug */,
				BE02D3FC256BF7D800261100 /* Release */,
			);
			defaultConfigurationIsVisible = 0;
			defaultConfigurationName = Release;
		};
		BE02D3FD256BF7D800261100 /* Build configuration list for PBXNativeTarget "todoListTests" */ = {
			isa = XCConfigurationList;
			buildConfigurations = (
				BE02D3FE256BF7D800261100 /* Debug */,
				BE02D3FF256BF7D800261100 /* Release */,
			);
			defaultConfigurationIsVisible = 0;
			defaultConfigurationName = Release;
		};
		BE02D400256BF7D800261100 /* Build configuration list for PBXNativeTarget "todoListUITests" */ = {
			isa = XCConfigurationList;
			buildConfigurations = (
				BE02D401256BF7D800261100 /* Debug */,
				BE02D402256BF7D800261100 /* Release */,
			);
			defaultConfigurationIsVisible = 0;
			defaultConfigurationName = Release;
		};
/* End XCConfigurationList section */
	};
	rootObject = BE02D3C8256BF7D300261100 /* Project object */;
}
